// !$*UTF8*$!
{
	archiveVersion = 1;
	classes = {
	};
	objectVersion = 55;
	objects = {

/* Begin PBXBuildFile section */
		EE9DE5322936C4610077C090 /* main.cpp in Sources */ = {isa = PBXBuildFile; fileRef = EE9DE5312936C4610077C090 /* main.cpp */; };
		EE9DE53A2936C4890077C090 /* GLUT.framework in Frameworks */ = {isa = PBXBuildFile; fileRef = EE9DE5392936C4880077C090 /* GLUT.framework */; };
		EE9DE53C2936C48D0077C090 /* OpenGL.framework in Frameworks */ = {isa = PBXBuildFile; fileRef = EE9DE53B2936C48D0077C090 /* OpenGL.framework */; };
		EE9DE5D52936D7FF0077C090 /* Body.cpp in Sources */ = {isa = PBXBuildFile; fileRef = EE9DE5D32936D7FF0077C090 /* Body.cpp */; };
		EE9DE5D82936DE0B0077C090 /* Limb.cpp in Sources */ = {isa = PBXBuildFile; fileRef = EE9DE5D62936DE0B0077C090 /* Limb.cpp */; };
/* End PBXBuildFile section */

/* Begin PBXCopyFilesBuildPhase section */
		EE9DE52C2936C4610077C090 /* CopyFiles */ = {
			isa = PBXCopyFilesBuildPhase;
			buildActionMask = 2147483647;
			dstPath = /usr/share/man/man1/;
			dstSubfolderSpec = 0;
			files = (
			);
			runOnlyForDeploymentPostprocessing = 1;
		};
/* End PBXCopyFilesBuildPhase section */

/* Begin PBXFileReference section */
		EE9DE52E2936C4610077C090 /* MonkeyBall */ = {isa = PBXFileReference; explicitFileType = "compiled.mach-o.executable"; includeInIndex = 0; path = MonkeyBall; sourceTree = BUILT_PRODUCTS_DIR; };
		EE9DE5312936C4610077C090 /* main.cpp */ = {isa = PBXFileReference; lastKnownFileType = sourcecode.cpp.cpp; path = main.cpp; sourceTree = "<group>"; };
		EE9DE5392936C4880077C090 /* GLUT.framework */ = {isa = PBXFileReference; lastKnownFileType = wrapper.framework; name = GLUT.framework; path = System/Library/Frameworks/GLUT.framework; sourceTree = SDKROOT; };
		EE9DE53B2936C48D0077C090 /* OpenGL.framework */ = {isa = PBXFileReference; lastKnownFileType = wrapper.framework; name = OpenGL.framework; path = System/Library/Frameworks/OpenGL.framework; sourceTree = SDKROOT; };
		EE9DE53D2936C4BC0077C090 /* ApplConstants.h */ = {isa = PBXFileReference; lastKnownFileType = sourcecode.c.h; path = ApplConstants.h; sourceTree = "<group>"; };
		EE9DE53E2936C4D60077C090 /* glPlatform.h */ = {isa = PBXFileReference; lastKnownFileType = sourcecode.c.h; path = glPlatform.h; sourceTree = "<group>"; };
		EE9DE5D32936D7FF0077C090 /* Body.cpp */ = {isa = PBXFileReference; lastKnownFileType = sourcecode.cpp.cpp; path = Body.cpp; sourceTree = "<group>"; };
		EE9DE5D42936D7FF0077C090 /* Body.hpp */ = {isa = PBXFileReference; lastKnownFileType = sourcecode.cpp.h; path = Body.hpp; sourceTree = "<group>"; };
		EE9DE5D62936DE0B0077C090 /* Limb.cpp */ = {isa = PBXFileReference; lastKnownFileType = sourcecode.cpp.cpp; path = Limb.cpp; sourceTree = "<group>"; };
		EE9DE5D72936DE0B0077C090 /* Limb.hpp */ = {isa = PBXFileReference; lastKnownFileType = sourcecode.cpp.h; path = Limb.hpp; sourceTree = "<group>"; };
/* End PBXFileReference section */

/* Begin PBXFrameworksBuildPhase section */
		EE9DE52B2936C4610077C090 /* Frameworks */ = {
			isa = PBXFrameworksBuildPhase;
			buildActionMask = 2147483647;
			files = (
				EE9DE53A2936C4890077C090 /* GLUT.framework in Frameworks */,
				EE9DE53C2936C48D0077C090 /* OpenGL.framework in Frameworks */,
			);
			runOnlyForDeploymentPostprocessing = 0;
		};
/* End PBXFrameworksBuildPhase section */

/* Begin PBXGroup section */
		EE9DE5252936C4610077C090 = {
			isa = PBXGroup;
			children = (
				EE9DE5302936C4610077C090 /* MonkeyBall */,
				EE9DE52F2936C4610077C090 /* Products */,
				EE9DE5382936C4880077C090 /* Frameworks */,
			);
			sourceTree = "<group>";
		};
		EE9DE52F2936C4610077C090 /* Products */ = {
			isa = PBXGroup;
			children = (
				EE9DE52E2936C4610077C090 /* MonkeyBall */,
			);
			name = Products;
			sourceTree = "<group>";
		};
		EE9DE5302936C4610077C090 /* MonkeyBall */ = {
			isa = PBXGroup;
			children = (
				EE9DE5882936D21F0077C090 /* Source */,
				EE9DE5722936D1E40077C090 /* Headers */,
			);
			path = MonkeyBall;
			sourceTree = "<group>";
		};
		EE9DE5382936C4880077C090 /* Frameworks */ = {
			isa = PBXGroup;
			children = (
				EE9DE53B2936C48D0077C090 /* OpenGL.framework */,
				EE9DE5392936C4880077C090 /* GLUT.framework */,
			);
			name = Frameworks;
			sourceTree = "<group>";
		};
		EE9DE5722936D1E40077C090 /* Headers */ = {
			isa = PBXGroup;
			children = (
				EE9DE5D72936DE0B0077C090 /* Limb.hpp */,
				EE9DE5D42936D7FF0077C090 /* Body.hpp */,
				EE9DE53D2936C4BC0077C090 /* ApplConstants.h */,
				EE9DE53E2936C4D60077C090 /* glPlatform.h */,
			);
			path = Headers;
			sourceTree = "<group>";
		};
		EE9DE5882936D21F0077C090 /* Source */ = {
			isa = PBXGroup;
			children = (
				EE9DE5312936C4610077C090 /* main.cpp */,
				EE9DE5D32936D7FF0077C090 /* Body.cpp */,
				EE9DE5D62936DE0B0077C090 /* Limb.cpp */,
			);
			path = Source;
			sourceTree = "<group>";
		};
/* End PBXGroup section */

/* Begin PBXNativeTarget section */
		EE9DE52D2936C4610077C090 /* MonkeyBall */ = {
			isa = PBXNativeTarget;
			buildConfigurationList = EE9DE5352936C4610077C090 /* Build configuration list for PBXNativeTarget "MonkeyBall" */;
			buildPhases = (
				EE9DE52A2936C4610077C090 /* Sources */,
				EE9DE52B2936C4610077C090 /* Frameworks */,
				EE9DE52C2936C4610077C090 /* CopyFiles */,
			);
			buildRules = (
			);
			dependencies = (
			);
			name = MonkeyBall;
			productName = MonkeyBall;
			productReference = EE9DE52E2936C4610077C090 /* MonkeyBall */;
			productType = "com.apple.product-type.tool";
		};
/* End PBXNativeTarget section */

/* Begin PBXProject section */
		EE9DE5262936C4610077C090 /* Project object */ = {
			isa = PBXProject;
			attributes = {
				BuildIndependentTargetsInParallel = 1;
				LastUpgradeCheck = 1340;
				TargetAttributes = {
					EE9DE52D2936C4610077C090 = {
						CreatedOnToolsVersion = 13.4.1;
					};
				};
			};
			buildConfigurationList = EE9DE5292936C4610077C090 /* Build configuration list for PBXProject "MonkeyBall" */;
			compatibilityVersion = "Xcode 13.0";
			developmentRegion = en;
			hasScannedForEncodings = 0;
			knownRegions = (
				en,
				Base,
			);
			mainGroup = EE9DE5252936C4610077C090;
			productRefGroup = EE9DE52F2936C4610077C090 /* Products */;
			projectDirPath = "";
			projectRoot = "";
			targets = (
				EE9DE52D2936C4610077C090 /* MonkeyBall */,
			);
		};
/* End PBXProject section */

/* Begin PBXSourcesBuildPhase section */
		EE9DE52A2936C4610077C090 /* Sources */ = {
			isa = PBXSourcesBuildPhase;
			buildActionMask = 2147483647;
			files = (
				EE9DE5D52936D7FF0077C090 /* Body.cpp in Sources */,
				EE9DE5D82936DE0B0077C090 /* Limb.cpp in Sources */,
				EE9DE5322936C4610077C090 /* main.cpp in Sources */,
			);
			runOnlyForDeploymentPostprocessing = 0;
		};
/* End PBXSourcesBuildPhase section */

/* Begin XCBuildConfiguration section */
		EE9DE5332936C4610077C090 /* Debug */ = {
			isa = XCBuildConfiguration;
			buildSettings = {
				ALWAYS_SEARCH_USER_PATHS = NO;
				CLANG_ANALYZER_NONNULL = YES;
				CLANG_ANALYZER_NUMBER_OBJECT_CONVERSION = YES_AGGRESSIVE;
				CLANG_CXX_LANGUAGE_STANDARD = "gnu++17";
				CLANG_ENABLE_MODULES = YES;
				CLANG_ENABLE_OBJC_ARC = YES;
				CLANG_ENABLE_OBJC_WEAK = YES;
				CLANG_WARN_BLOCK_CAPTURE_AUTORELEASING = YES;
				CLANG_WARN_BOOL_CONVERSION = YES;
				CLANG_WARN_COMMA = YES;
				CLANG_WARN_CONSTANT_CONVERSION = YES;
				CLANG_WARN_DEPRECATED_OBJC_IMPLEMENTATIONS = YES;
				CLANG_WARN_DIRECT_OBJC_ISA_USAGE = YES_ERROR;
				CLANG_WARN_DOCUMENTATION_COMMENTS = YES;
				CLANG_WARN_EMPTY_BODY = YES;
				CLANG_WARN_ENUM_CONVERSION = YES;
				CLANG_WARN_INFINITE_RECURSION = YES;
				CLANG_WARN_INT_CONVERSION = YES;
				CLANG_WARN_NON_LITERAL_NULL_CONVERSION = YES;
				CLANG_WARN_OBJC_IMPLICIT_RETAIN_SELF = YES;
				CLANG_WARN_OBJC_LITERAL_CONVERSION = YES;
				CLANG_WARN_OBJC_ROOT_CLASS = YES_ERROR;
				CLANG_WARN_QUOTED_INCLUDE_IN_FRAMEWORK_HEADER = YES;
				CLANG_WARN_RANGE_LOOP_ANALYSIS = YES;
				CLANG_WARN_STRICT_PROTOTYPES = YES;
				CLANG_WARN_SUSPICIOUS_MOVE = YES;
				CLANG_WARN_UNGUARDED_AVAILABILITY = YES_AGGRESSIVE;
				CLANG_WARN_UNREACHABLE_CODE = YES;
				CLANG_WARN__DUPLICATE_METHOD_MATCH = YES;
				COPY_PHASE_STRIP = NO;
				DEBUG_INFORMATION_FORMAT = dwarf;
				ENABLE_STRICT_OBJC_MSGSEND = YES;
				ENABLE_TESTABILITY = YES;
				GCC_C_LANGUAGE_STANDARD = gnu11;
				GCC_DYNAMIC_NO_PIC = NO;
				GCC_NO_COMMON_BLOCKS = YES;
				GCC_OPTIMIZATION_LEVEL = 0;
				GCC_PREPROCESSOR_DEFINITIONS = (
					"DEBUG=1",
					"$(inherited)",
				);
				GCC_WARN_64_TO_32_BIT_CONVERSION = YES;
				GCC_WARN_ABOUT_DEPRECATED_FUNCTIONS = NO;
				GCC_WARN_ABOUT_RETURN_TYPE = YES_ERROR;
				GCC_WARN_UNDECLARED_SELECTOR = YES;
				GCC_WARN_UNINITIALIZED_AUTOS = YES_AGGRESSIVE;
				GCC_WARN_UNUSED_FUNCTION = YES;
				GCC_WARN_UNUSED_VARIABLE = YES;
				MACOSX_DEPLOYMENT_TARGET = 12.3;
				MTL_ENABLE_DEBUG_INFO = INCLUDE_SOURCE;
				MTL_FAST_MATH = YES;
				ONLY_ACTIVE_ARCH = YES;
				SDKROOT = macosx;
			};
			name = Debug;
		};
		EE9DE5342936C4610077C090 /* Release */ = {
			isa = XCBuildConfiguration;
			buildSettings = {
				ALWAYS_SEARCH_USER_PATHS = NO;
				CLANG_ANALYZER_NONNULL = YES;
				CLANG_ANALYZER_NUMBER_OBJECT_CONVERSION = YES_AGGRESSIVE;
				CLANG_CXX_LANGUAGE_STANDARD = "gnu++17";
				CLANG_ENABLE_MODULES = YES;
				CLANG_ENABLE_OBJC_ARC = YES;
				CLANG_ENABLE_OBJC_WEAK = YES;
				CLANG_WARN_BLOCK_CAPTURE_AUTORELEASING = YES;
				CLANG_WARN_BOOL_CONVERSION = YES;
				CLANG_WARN_COMMA = YES;
				CLANG_WARN_CONSTANT_CONVERSION = YES;
				CLANG_WARN_DEPRECATED_OBJC_IMPLEMENTATIONS = YES;
				CLANG_WARN_DIRECT_OBJC_ISA_USAGE = YES_ERROR;
				CLANG_WARN_DOCUMENTATION_COMMENTS = YES;
				CLANG_WARN_EMPTY_BODY = YES;
				CLANG_WARN_ENUM_CONVERSION = YES;
				CLANG_WARN_INFINITE_RECURSION = YES;
				CLANG_WARN_INT_CONVERSION = YES;
				CLANG_WARN_NON_LITERAL_NULL_CONVERSION = YES;
				CLANG_WARN_OBJC_IMPLICIT_RETAIN_SELF = YES;
				CLANG_WARN_OBJC_LITERAL_CONVERSION = YES;
				CLANG_WARN_OBJC_ROOT_CLASS = YES_ERROR;
				CLANG_WARN_QUOTED_INCLUDE_IN_FRAMEWORK_HEADER = YES;
				CLANG_WARN_RANGE_LOOP_ANALYSIS = YES;
				CLANG_WARN_STRICT_PROTOTYPES = YES;
				CLANG_WARN_SUSPICIOUS_MOVE = YES;
				CLANG_WARN_UNGUARDED_AVAILABILITY = YES_AGGRESSIVE;
				CLANG_WARN_UNREACHABLE_CODE = YES;
				CLANG_WARN__DUPLICATE_METHOD_MATCH = YES;
				COPY_PHASE_STRIP = NO;
				DEBUG_INFORMATION_FORMAT = "dwarf-with-dsym";
				ENABLE_NS_ASSERTIONS = NO;
				ENABLE_STRICT_OBJC_MSGSEND = YES;
				GCC_C_LANGUAGE_STANDARD = gnu11;
				GCC_NO_COMMON_BLOCKS = YES;
				GCC_WARN_64_TO_32_BIT_CONVERSION = YES;
				GCC_WARN_ABOUT_DEPRECATED_FUNCTIONS = NO;
				GCC_WARN_ABOUT_RETURN_TYPE = YES_ERROR;
				GCC_WARN_UNDECLARED_SELECTOR = YES;
				GCC_WARN_UNINITIALIZED_AUTOS = YES_AGGRESSIVE;
				GCC_WARN_UNUSED_FUNCTION = YES;
				GCC_WARN_UNUSED_VARIABLE = YES;
				MACOSX_DEPLOYMENT_TARGET = 12.3;
				MTL_ENABLE_DEBUG_INFO = NO;
				MTL_FAST_MATH = YES;
				SDKROOT = macosx;
			};
			name = Release;
		};
		EE9DE5362936C4610077C090 /* Debug */ = {
			isa = XCBuildConfiguration;
			buildSettings = {
				CODE_SIGN_STYLE = Automatic;
				PRODUCT_NAME = "$(TARGET_NAME)";
			};
			name = Debug;
		};
		EE9DE5372936C4610077C090 /* Release */ = {
			isa = XCBuildConfiguration;
			buildSettings = {
				CODE_SIGN_STYLE = Automatic;
				PRODUCT_NAME = "$(TARGET_NAME)";
			};
			name = Release;
		};
/* End XCBuildConfiguration section */

/* Begin XCConfigurationList section */
		EE9DE5292936C4610077C090 /* Build configuration list for PBXProject "MonkeyBall" */ = {
			isa = XCConfigurationList;
			buildConfigurations = (
				EE9DE5332936C4610077C090 /* Debug */,
				EE9DE5342936C4610077C090 /* Release */,
			);
			defaultConfigurationIsVisible = 0;
			defaultConfigurationName = Release;
		};
		EE9DE5352936C4610077C090 /* Build configuration list for PBXNativeTarget "MonkeyBall" */ = {
			isa = XCConfigurationList;
			buildConfigurations = (
				EE9DE5362936C4610077C090 /* Debug */,
				EE9DE5372936C4610077C090 /* Release */,
			);
			defaultConfigurationIsVisible = 0;
			defaultConfigurationName = Release;
		};
/* End XCConfigurationList section */
	};
	rootObject = EE9DE5262936C4610077C090 /* Project object */;
}
